{
  "R": {
    "Version": "4.0.5",
    "Repositories": [
      {
        "Name": "CRAN",
        "URL": "https://packagemanager.posit.co/cran/2021-03-31"
      }
    ]
  },
  "Packages": {
    "R6": {
      "Package": "R6",
      "Version": "2.5.0",
      "Source": "Repository",
      "Repository": "RSPM",
      "Hash": "b203113193e70978a696b2809525649d"
    },
    "assertthat": {
      "Package": "assertthat",
      "Version": "0.2.1",
      "Source": "Repository",
      "Repository": "RSPM",
      "Hash": "50c838a310445e954bc13f26f26a6ecf"
    },
    "cli": {
      "Package": "cli",
      "Version": "2.3.1",
      "Source": "Repository",
      "Repository": "RSPM",
      "Hash": "3e3f28efcadfda442cd18651fbcbbecf"
    },
    "crayon": {
      "Package": "crayon",
      "Version": "1.4.1",
      "Source": "Repository",
      "Repository": "RSPM",
      "Hash": "e75525c55c70e5f4f78c9960a4b402e9"
    },
    "dplyr": {
      "Package": "dplyr",
      "Version": "1.0.5",
      "Source": "Repository",
      "Repository": "RSPM",
      "Hash": "d0d76c11ec807eb3f000eba4e3eb0f68"
    },
    "ellipsis": {
      "Package": "ellipsis",
      "Version": "0.3.1",
      "Source": "Repository",
      "Repository": "RSPM",
      "Hash": "fd2844b3a43ae2d27e70ece2df1b4e2a"
    },
    "fansi": {
      "Package": "fansi",
      "Version": "0.4.2",
      "Source": "Repository",
      "Repository": "RSPM",
      "Hash": "fea074fb67fe4c25d47ad09087da847d"
    },
    "generics": {
      "Package": "generics",
      "Version": "0.1.0",
      "Source": "Repository",
      "Repository": "RSPM",
      "Hash": "4d243a9c10b00589889fe32314ffd902"
    },
    "glue": {
      "Package": "glue",
      "Version": "1.4.2",
      "Source": "Repository",
      "Repository": "RSPM",
      "Hash": "6efd734b14c6471cfe443345f3e35e29"
    },
    "lifecycle": {
      "Package": "lifecycle",
      "Version": "1.0.0",
      "Source": "Repository",
      "Repository": "RSPM",
      "Hash": "3471fb65971f1a7b2d4ae7848cf2db8d"
    },
    "magrittr": {
      "Package": "magrittr",
      "Version": "2.0.1",
      "Source": "Repository",
      "Repository": "RSPM",
      "Hash": "41287f1ac7d28a92f0a286ed507928d3"
    },
    "pillar": {
      "Package": "pillar",
      "Version": "1.5.1",
      "Source": "Repository",
      "Repository": "RSPM",
      "Hash": "24622aa4a0d3de3463c34513edca99b2"
    },
    "pkgconfig": {
      "Package": "pkgconfig",
      "Version": "2.0.3",
      "Source": "Repository",
      "Repository": "RSPM",
      "Hash": "01f28d4278f15c76cddbea05899c5d6f"
    },
    "purrr": {
      "Package": "purrr",
      "Version": "0.3.4",
      "Source": "Repository",
      "Repository": "RSPM",
      "Hash": "97def703420c8ab10d8f0e6c72101e02"
    },
    "rlang": {
      "Package": "rlang",
      "Version": "0.4.10",
      "Source": "Repository",
      "Repository": "RSPM",
      "Hash": "599df23c40a4fce9c7b4764f28c37857"
    },
    "tibble": {
      "Package": "tibble",
      "Version": "3.1.0",
      "Source": "Repository",
      "Repository": "RSPM",
      "Hash": "4d894a114dbd4ecafeda5074e7c538e6"
    },
    "tidyselect": {
      "Package": "tidyselect",
      "Version": "1.1.0",
      "Source": "Repository",
      "Repository": "RSPM",
      "Hash": "6ea435c354e8448819627cf686f66e0a"
    },
    "utf8": {
      "Package": "utf8",
      "Version": "1.2.1",
      "Source": "Repository",
      "Repository": "RSPM",
      "Hash": "c3ad47dc6da0751f18ed53c4613e3ac7"
    },
    "vctrs": {
      "Package": "vctrs",
      "Version": "0.3.7",
      "Source": "Repository",
      "Repository": "RSPM",
      "Hash": "5540dc30a203a43a1ce5dc6a89532b3b"
    }
  }
}
